PODS:
  - Alamofire (1.1.4)
  - CHTCollectionViewWaterfallLayout (0.8)
  - SIOSocket (0.2.0)

DEPENDENCIES:
  - Alamofire (~> 1.1)
  - CHTCollectionViewWaterfallLayout
  - SIOSocket

SPEC CHECKSUMS:
  Alamofire: 524225da382071ee3e6d0badd0ee4b4dc36740de
  CHTCollectionViewWaterfallLayout: 14b7950cbe45ae9297e7759148d69b022bac047d
  SIOSocket: 40ebc9f014b9fec4ec595212faaf6f19cf29d1f2

COCOAPODS: 0.36.0.rc.1
